
Microsoft Visual Studio Solution File, Format Version 12.00
# Visual Studio Version 17
VisualStudioVersion = 17.1.32414.318
MinimumVisualStudioVersion = 10.0.40219.1
Project("{FAE04EC0-301F-11D3-BF4B-00C04F79EFBC}") = "Concatene", "Concatene.csproj", "{988EB479-8239-44D7-9FBE-AFE66CC9ACDB}"
EndProject
Global
	GlobalSection(SolutionConfigurationPlatforms) = preSolution
		Debug|Any CPU = Debug|Any CPU
		Release|Any CPU = Release|Any CPU
	EndGlobalSection
	GlobalSection(ProjectConfigurationPlatforms) = postSolution
		{988EB479-8239-44D7-9FBE-AFE66CC9ACDB}.Debug|Any CPU.ActiveCfg = Debug|Any CPU
		{988EB479-8239-44D7-9FBE-AFE66CC9ACDB}.Debug|Any CPU.Build.0 = Debug|Any CPU
		{988EB479-8239-44D7-9FBE-AFE66CC9ACDB}.Release|Any CPU.ActiveCfg = Release|Any CPU
		{988EB479-8239-44D7-9FBE-AFE66CC9ACDB}.Release|Any CPU.Build.0 = Release|Any CPU
	EndGlobalSection
	GlobalSection(SolutionProperties) = preSolution
		HideSolutionNode = FALSE
	EndGlobalSection
	GlobalSection(ExtensibilityGlobals) = postSolution
		SolutionGuid = {76481571-DF54-4CE5-9BC6-EC176FC2529B}
	EndGlobalSection
EndGlobal
